
Microsoft Visual Studio Solution File, Format Version 12.00
# Visual Studio 14
VisualStudioVersion = 14.0.25420.1
MinimumVisualStudioVersion = 10.0.40219.1
Project("{FAE04EC0-301F-11D3-BF4B-00C04F79EFBC}") = "PS4-1", "PS4-1\PS4-1.csproj", "{D3BC0DF8-3EA0-4CE8-B697-E5872ABA170E}"
EndProject
Project("{FAE04EC0-301F-11D3-BF4B-00C04F79EFBC}") = "AutoSink", "AutoSink\AutoSink.csproj", "{CD0C35FE-ABA1-483D-BD97-7229F46C5609}"
EndProject
Project("{FAE04EC0-301F-11D3-BF4B-00C04F79EFBC}") = "AutoSinkTests", "AutoSinkTests\AutoSinkTests.csproj", "{DA8C7624-F1F6-4C92-A1EF-D729C63737E7}"
EndProject
Global
	GlobalSection(SolutionConfigurationPlatforms) = preSolution
		Debug|Any CPU = Debug|Any CPU
		Release|Any CPU = Release|Any CPU
	EndGlobalSection
	GlobalSection(ProjectConfigurationPlatforms) = postSolution
		{D3BC0DF8-3EA0-4CE8-B697-E5872ABA170E}.Debug|Any CPU.ActiveCfg = Debug|Any CPU
		{D3BC0DF8-3EA0-4CE8-B697-E5872ABA170E}.Debug|Any CPU.Build.0 = Debug|Any CPU
		{D3BC0DF8-3EA0-4CE8-B697-E5872ABA170E}.Release|Any CPU.ActiveCfg = Release|Any CPU
		{D3BC0DF8-3EA0-4CE8-B697-E5872ABA170E}.Release|Any CPU.Build.0 = Release|Any CPU
		{CD0C35FE-ABA1-483D-BD97-7229F46C5609}.Debug|Any CPU.ActiveCfg = Debug|Any CPU
		{CD0C35FE-ABA1-483D-BD97-7229F46C5609}.Debug|Any CPU.Build.0 = Debug|Any CPU
		{CD0C35FE-ABA1-483D-BD97-7229F46C5609}.Release|Any CPU.ActiveCfg = Release|Any CPU
		{CD0C35FE-ABA1-483D-BD97-7229F46C5609}.Release|Any CPU.Build.0 = Release|Any CPU
		{DA8C7624-F1F6-4C92-A1EF-D729C63737E7}.Debug|Any CPU.ActiveCfg = Debug|Any CPU
		{DA8C7624-F1F6-4C92-A1EF-D729C63737E7}.Debug|Any CPU.Build.0 = Debug|Any CPU
		{DA8C7624-F1F6-4C92-A1EF-D729C63737E7}.Release|Any CPU.ActiveCfg = Release|Any CPU
		{DA8C7624-F1F6-4C92-A1EF-D729C63737E7}.Release|Any CPU.Build.0 = Release|Any CPU
	EndGlobalSection
	GlobalSection(SolutionProperties) = preSolution
		HideSolutionNode = FALSE
	EndGlobalSection
EndGlobal
